
Microsoft Visual Studio Solution File, Format Version 12.00
# Visual Studio Version 17
VisualStudioVersion = 17.9.34723.18
MinimumVisualStudioVersion = 10.0.40219.1
Project("{9A19103F-16F7-4668-BE54-9A1E7A4F7556}") = "karg.API", "karg.API\karg.API.csproj", "{9CAF2B64-2F35-4A1E-A167-A19C05B07CF2}"
EndProject
Project("{9A19103F-16F7-4668-BE54-9A1E7A4F7556}") = "karg.DAL", "karg.DAL\karg.DAL.csproj", "{A627D53E-8860-4D23-B760-97ECE1F5BAFD}"
EndProject
Project("{9A19103F-16F7-4668-BE54-9A1E7A4F7556}") = "karg.BLL", "karg.BLL\karg.BLL.csproj", "{EAFBD445-7EFD-43C2-B107-EE3AC02EDFF7}"
EndProject
Project("{E53339B2-1760-4266-BCC7-CA923CBCF16C}") = "docker-compose", "docker-compose.dcproj", "{026FDDDB-0C65-4B43-96FA-61CE7F69707D}"
EndProject
Global
	GlobalSection(SolutionConfigurationPlatforms) = preSolution
		Debug|Any CPU = Debug|Any CPU
		Release|Any CPU = Release|Any CPU
	EndGlobalSection
	GlobalSection(ProjectConfigurationPlatforms) = postSolution
		{9CAF2B64-2F35-4A1E-A167-A19C05B07CF2}.Debug|Any CPU.ActiveCfg = Debug|Any CPU
		{9CAF2B64-2F35-4A1E-A167-A19C05B07CF2}.Debug|Any CPU.Build.0 = Debug|Any CPU
		{9CAF2B64-2F35-4A1E-A167-A19C05B07CF2}.Release|Any CPU.ActiveCfg = Release|Any CPU
		{9CAF2B64-2F35-4A1E-A167-A19C05B07CF2}.Release|Any CPU.Build.0 = Release|Any CPU
		{A627D53E-8860-4D23-B760-97ECE1F5BAFD}.Debug|Any CPU.ActiveCfg = Debug|Any CPU
		{A627D53E-8860-4D23-B760-97ECE1F5BAFD}.Debug|Any CPU.Build.0 = Debug|Any CPU
		{A627D53E-8860-4D23-B760-97ECE1F5BAFD}.Release|Any CPU.ActiveCfg = Release|Any CPU
		{A627D53E-8860-4D23-B760-97ECE1F5BAFD}.Release|Any CPU.Build.0 = Release|Any CPU
		{EAFBD445-7EFD-43C2-B107-EE3AC02EDFF7}.Debug|Any CPU.ActiveCfg = Debug|Any CPU
		{EAFBD445-7EFD-43C2-B107-EE3AC02EDFF7}.Debug|Any CPU.Build.0 = Debug|Any CPU
		{EAFBD445-7EFD-43C2-B107-EE3AC02EDFF7}.Release|Any CPU.ActiveCfg = Release|Any CPU
		{EAFBD445-7EFD-43C2-B107-EE3AC02EDFF7}.Release|Any CPU.Build.0 = Release|Any CPU
		{026FDDDB-0C65-4B43-96FA-61CE7F69707D}.Debug|Any CPU.ActiveCfg = Debug|Any CPU
		{026FDDDB-0C65-4B43-96FA-61CE7F69707D}.Debug|Any CPU.Build.0 = Debug|Any CPU
		{026FDDDB-0C65-4B43-96FA-61CE7F69707D}.Release|Any CPU.ActiveCfg = Release|Any CPU
		{026FDDDB-0C65-4B43-96FA-61CE7F69707D}.Release|Any CPU.Build.0 = Release|Any CPU
	EndGlobalSection
	GlobalSection(SolutionProperties) = preSolution
		HideSolutionNode = FALSE
	EndGlobalSection
	GlobalSection(ExtensibilityGlobals) = postSolution
		SolutionGuid = {7B09F6A0-2CFD-4423-9421-CEB4EBC50F0B}
	EndGlobalSection
EndGlobal
